
Microsoft Visual Studio Solution File, Format Version 12.00
Project("{FAE04EC0-301F-11D3-BF4B-00C04F79EFBC}") = "CubeTrans", "CubeTrans\CubeTrans.csproj", "{8F3FD504-D859-4090-8DFE-FED6B877E333}"
EndProject
Global
	GlobalSection(SolutionConfigurationPlatforms) = preSolution
		Debug|Any CPU = Debug|Any CPU
		Release|Any CPU = Release|Any CPU
	EndGlobalSection
	GlobalSection(ProjectConfigurationPlatforms) = postSolution
		{8F3FD504-D859-4090-8DFE-FED6B877E333}.Debug|Any CPU.ActiveCfg = Debug|Any CPU
		{8F3FD504-D859-4090-8DFE-FED6B877E333}.Debug|Any CPU.Build.0 = Debug|Any CPU
		{8F3FD504-D859-4090-8DFE-FED6B877E333}.Release|Any CPU.ActiveCfg = Release|Any CPU
		{8F3FD504-D859-4090-8DFE-FED6B877E333}.Release|Any CPU.Build.0 = Release|Any CPU
	EndGlobalSection
EndGlobal
